
Microsoft Visual Studio Solution File, Format Version 12.00
# Visual Studio Version 17
VisualStudioVersion = 17.0.32112.339
MinimumVisualStudioVersion = 10.0.40219.1
Project("{FAE04EC0-301F-11D3-BF4B-00C04F79EFBC}") = "my-books", "my-books\my-books.csproj", "{305E1A65-ABAA-440E-B2F3-90B4DA18F298}"
EndProject
Global
	GlobalSection(SolutionConfigurationPlatforms) = preSolution
		Debug|Any CPU = Debug|Any CPU
		Release|Any CPU = Release|Any CPU
	EndGlobalSection
	GlobalSection(ProjectConfigurationPlatforms) = postSolution
		{305E1A65-ABAA-440E-B2F3-90B4DA18F298}.Debug|Any CPU.ActiveCfg = Debug|Any CPU
		{305E1A65-ABAA-440E-B2F3-90B4DA18F298}.Debug|Any CPU.Build.0 = Debug|Any CPU
		{305E1A65-ABAA-440E-B2F3-90B4DA18F298}.Release|Any CPU.ActiveCfg = Release|Any CPU
		{305E1A65-ABAA-440E-B2F3-90B4DA18F298}.Release|Any CPU.Build.0 = Release|Any CPU
	EndGlobalSection
	GlobalSection(SolutionProperties) = preSolution
		HideSolutionNode = FALSE
	EndGlobalSection
	GlobalSection(ExtensibilityGlobals) = postSolution
		SolutionGuid = {C39C7D68-D0DA-4CEA-93F5-5356D3D4DEF5}
	EndGlobalSection
EndGlobal
